
Microsoft Visual Studio Solution File, Format Version 12.00
# Visual Studio 2012
Project("{FAE04EC0-301F-11D3-BF4B-00C04F79EFBC}") = "Patterns Recognition - Task 1", "Patterns Recognition - Task 1\Patterns Recognition - Task 1.csproj", "{466C6FB4-92AC-407F-8C53-4B9855413F0D}"
EndProject
Global
	GlobalSection(SolutionConfigurationPlatforms) = preSolution
		Debug|Any CPU = Debug|Any CPU
		Release|Any CPU = Release|Any CPU
	EndGlobalSection
	GlobalSection(ProjectConfigurationPlatforms) = postSolution
		{466C6FB4-92AC-407F-8C53-4B9855413F0D}.Debug|Any CPU.ActiveCfg = Debug|Any CPU
		{466C6FB4-92AC-407F-8C53-4B9855413F0D}.Debug|Any CPU.Build.0 = Debug|Any CPU
		{466C6FB4-92AC-407F-8C53-4B9855413F0D}.Release|Any CPU.ActiveCfg = Release|Any CPU
		{466C6FB4-92AC-407F-8C53-4B9855413F0D}.Release|Any CPU.Build.0 = Release|Any CPU
	EndGlobalSection
	GlobalSection(SolutionProperties) = preSolution
		HideSolutionNode = FALSE
	EndGlobalSection
EndGlobal
